// !$*UTF8*$!
{
	archiveVersion = 1;
	classes = {
	};
	objectVersion = 56;
	objects = {

/* Begin PBXBuildFile section */
		B107DAFA2A5DE5D90034EDC6 /* UI.framework in Frameworks */ = {isa = PBXBuildFile; fileRef = B107DAF92A5DE5D90034EDC6 /* UI.framework */; };
		B107DAFB2A5DE5D90034EDC6 /* UI.framework in Embed Frameworks */ = {isa = PBXBuildFile; fileRef = B107DAF92A5DE5D90034EDC6 /* UI.framework */; settings = {ATTRIBUTES = (CodeSignOnCopy, RemoveHeadersOnCopy, ); }; };
		B107DAFE2A5DEA7E0034EDC6 /* LocationsService.swift in Sources */ = {isa = PBXBuildFile; fileRef = B107DAFD2A5DEA7E0034EDC6 /* LocationsService.swift */; };
		B107DB002A5DEB1C0034EDC6 /* API.framework in Frameworks */ = {isa = PBXBuildFile; fileRef = B107DAFF2A5DEB1C0034EDC6 /* API.framework */; };
		B107DB012A5DEB1C0034EDC6 /* API.framework in Embed Frameworks */ = {isa = PBXBuildFile; fileRef = B107DAFF2A5DEB1C0034EDC6 /* API.framework */; settings = {ATTRIBUTES = (CodeSignOnCopy, RemoveHeadersOnCopy, ); }; };
		B107DB032A5DEBCE0034EDC6 /* Location.swift in Sources */ = {isa = PBXBuildFile; fileRef = B107DB022A5DEBCE0034EDC6 /* Location.swift */; };
		B107DB052A5DEC1E0034EDC6 /* LocationsResult.swift in Sources */ = {isa = PBXBuildFile; fileRef = B107DB042A5DEC1E0034EDC6 /* LocationsResult.swift */; };
		B16313EB2A018A8200F8D85C /* AppDelegate.swift in Sources */ = {isa = PBXBuildFile; fileRef = B16313EA2A018A8200F8D85C /* AppDelegate.swift */; };
		B16313ED2A018A8200F8D85C /* SceneDelegate.swift in Sources */ = {isa = PBXBuildFile; fileRef = B16313EC2A018A8200F8D85C /* SceneDelegate.swift */; };
		B16313EF2A018A8200F8D85C /* ViewController.swift in Sources */ = {isa = PBXBuildFile; fileRef = B16313EE2A018A8200F8D85C /* ViewController.swift */; };
		B16313F42A018A8300F8D85C /* Assets.xcassets in Resources */ = {isa = PBXBuildFile; fileRef = B16313F32A018A8300F8D85C /* Assets.xcassets */; };
		B16313F72A018A8300F8D85C /* LaunchScreen.storyboard in Resources */ = {isa = PBXBuildFile; fileRef = B16313F52A018A8300F8D85C /* LaunchScreen.storyboard */; };
		B16C9DA82A1404390083782B /* CharactersViewController.swift in Sources */ = {isa = PBXBuildFile; fileRef = B16C9DA72A1404390083782B /* CharactersViewController.swift */; };
		B16C9DAE2A1407330083782B /* EpisodesViewController.swift in Sources */ = {isa = PBXBuildFile; fileRef = B16C9DAD2A1407330083782B /* EpisodesViewController.swift */; };
		B16C9DB02A1407640083782B /* LocationsViewController.swift in Sources */ = {isa = PBXBuildFile; fileRef = B16C9DAF2A1407640083782B /* LocationsViewController.swift */; };
		B16D91F72A61C7510046644A /* LocationEndpoints.swift in Sources */ = {isa = PBXBuildFile; fileRef = B16D91F62A61C7510046644A /* LocationEndpoints.swift */; };
		B16D91F92A61CAE60046644A /* LocationsViewModel.swift in Sources */ = {isa = PBXBuildFile; fileRef = B16D91F82A61CAE60046644A /* LocationsViewModel.swift */; };
		B1C878582A9E64090096152F /* EpisodesRepository.swift in Sources */ = {isa = PBXBuildFile; fileRef = B1C878572A9E64090096152F /* EpisodesRepository.swift */; };
		B1D8CA472A96D79E00232090 /* Episode.swift in Sources */ = {isa = PBXBuildFile; fileRef = B1D8CA462A96D79E00232090 /* Episode.swift */; };
		B1D8CA492A96DB7D00232090 /* EpisodesViewModel.swift in Sources */ = {isa = PBXBuildFile; fileRef = B1D8CA482A96DB7D00232090 /* EpisodesViewModel.swift */; };
		B1D8CA4B2A96DCDA00232090 /* EpisodesService.swift in Sources */ = {isa = PBXBuildFile; fileRef = B1D8CA4A2A96DCDA00232090 /* EpisodesService.swift */; };
		B1D8CA4D2A96DD4500232090 /* EpisodesResult.swift in Sources */ = {isa = PBXBuildFile; fileRef = B1D8CA4C2A96DD4500232090 /* EpisodesResult.swift */; };
		B1D8CA4F2A96E39500232090 /* EpisodeEndpoints.swift in Sources */ = {isa = PBXBuildFile; fileRef = B1D8CA4E2A96E39500232090 /* EpisodeEndpoints.swift */; };
/* End PBXBuildFile section */

/* Begin PBXContainerItemProxy section */
		B16313FE2A018A8300F8D85C /* PBXContainerItemProxy */ = {
			isa = PBXContainerItemProxy;
			containerPortal = B16313DF2A018A8200F8D85C /* Project object */;
			proxyType = 1;
			remoteGlobalIDString = B16313E62A018A8200F8D85C;
			remoteInfo = "app-estudo";
		};
		B16314082A018A8300F8D85C /* PBXContainerItemProxy */ = {
			isa = PBXContainerItemProxy;
			containerPortal = B16313DF2A018A8200F8D85C /* Project object */;
			proxyType = 1;
			remoteGlobalIDString = B16313E62A018A8200F8D85C;
			remoteInfo = "app-estudo";
		};
/* End PBXContainerItemProxy section */

/* Begin PBXCopyFilesBuildPhase section */
		B107DAFC2A5DE5D90034EDC6 /* Embed Frameworks */ = {
			isa = PBXCopyFilesBuildPhase;
			buildActionMask = 2147483647;
			dstPath = "";
			dstSubfolderSpec = 10;
			files = (
				B107DAFB2A5DE5D90034EDC6 /* UI.framework in Embed Frameworks */,
				B107DB012A5DEB1C0034EDC6 /* API.framework in Embed Frameworks */,
			);
			name = "Embed Frameworks";
			runOnlyForDeploymentPostprocessing = 0;
		};
/* End PBXCopyFilesBuildPhase section */

/* Begin PBXFileReference section */
		B107DAF92A5DE5D90034EDC6 /* UI.framework */ = {isa = PBXFileReference; explicitFileType = wrapper.framework; path = UI.framework; sourceTree = BUILT_PRODUCTS_DIR; };
		B107DAFD2A5DEA7E0034EDC6 /* LocationsService.swift */ = {isa = PBXFileReference; lastKnownFileType = sourcecode.swift; path = LocationsService.swift; sourceTree = "<group>"; };
		B107DAFF2A5DEB1C0034EDC6 /* API.framework */ = {isa = PBXFileReference; explicitFileType = wrapper.framework; path = API.framework; sourceTree = BUILT_PRODUCTS_DIR; };
		B107DB022A5DEBCE0034EDC6 /* Location.swift */ = {isa = PBXFileReference; lastKnownFileType = sourcecode.swift; path = Location.swift; sourceTree = "<group>"; };
		B107DB042A5DEC1E0034EDC6 /* LocationsResult.swift */ = {isa = PBXFileReference; lastKnownFileType = sourcecode.swift; path = LocationsResult.swift; sourceTree = "<group>"; };
		B16313E72A018A8200F8D85C /* app-estudo.app */ = {isa = PBXFileReference; explicitFileType = wrapper.application; includeInIndex = 0; path = "app-estudo.app"; sourceTree = BUILT_PRODUCTS_DIR; };
		B16313EA2A018A8200F8D85C /* AppDelegate.swift */ = {isa = PBXFileReference; lastKnownFileType = sourcecode.swift; path = AppDelegate.swift; sourceTree = "<group>"; };
		B16313EC2A018A8200F8D85C /* SceneDelegate.swift */ = {isa = PBXFileReference; lastKnownFileType = sourcecode.swift; path = SceneDelegate.swift; sourceTree = "<group>"; };
		B16313EE2A018A8200F8D85C /* ViewController.swift */ = {isa = PBXFileReference; lastKnownFileType = sourcecode.swift; path = ViewController.swift; sourceTree = "<group>"; };
		B16313F32A018A8300F8D85C /* Assets.xcassets */ = {isa = PBXFileReference; lastKnownFileType = folder.assetcatalog; path = Assets.xcassets; sourceTree = "<group>"; };
		B16313F62A018A8300F8D85C /* Base */ = {isa = PBXFileReference; lastKnownFileType = file.storyboard; name = Base; path = Base.lproj/LaunchScreen.storyboard; sourceTree = "<group>"; };
		B16313F82A018A8300F8D85C /* Info.plist */ = {isa = PBXFileReference; lastKnownFileType = text.plist.xml; path = Info.plist; sourceTree = "<group>"; };
		B16313FD2A018A8300F8D85C /* app-estudoTests.xctest */ = {isa = PBXFileReference; explicitFileType = wrapper.cfbundle; includeInIndex = 0; path = "app-estudoTests.xctest"; sourceTree = BUILT_PRODUCTS_DIR; };
		B16314072A018A8300F8D85C /* app-estudoUITests.xctest */ = {isa = PBXFileReference; explicitFileType = wrapper.cfbundle; includeInIndex = 0; path = "app-estudoUITests.xctest"; sourceTree = BUILT_PRODUCTS_DIR; };
		B16C9DA72A1404390083782B /* CharactersViewController.swift */ = {isa = PBXFileReference; lastKnownFileType = sourcecode.swift; path = CharactersViewController.swift; sourceTree = "<group>"; };
		B16C9DAD2A1407330083782B /* EpisodesViewController.swift */ = {isa = PBXFileReference; lastKnownFileType = sourcecode.swift; path = EpisodesViewController.swift; sourceTree = "<group>"; };
		B16C9DAF2A1407640083782B /* LocationsViewController.swift */ = {isa = PBXFileReference; lastKnownFileType = sourcecode.swift; path = LocationsViewController.swift; sourceTree = "<group>"; };
		B16D91F62A61C7510046644A /* LocationEndpoints.swift */ = {isa = PBXFileReference; lastKnownFileType = sourcecode.swift; path = LocationEndpoints.swift; sourceTree = "<group>"; };
		B16D91F82A61CAE60046644A /* LocationsViewModel.swift */ = {isa = PBXFileReference; lastKnownFileType = sourcecode.swift; path = LocationsViewModel.swift; sourceTree = "<group>"; };
		B1C878572A9E64090096152F /* EpisodesRepository.swift */ = {isa = PBXFileReference; lastKnownFileType = sourcecode.swift; path = EpisodesRepository.swift; sourceTree = "<group>"; };
		B1D8CA462A96D79E00232090 /* Episode.swift */ = {isa = PBXFileReference; lastKnownFileType = sourcecode.swift; path = Episode.swift; sourceTree = "<group>"; };
		B1D8CA482A96DB7D00232090 /* EpisodesViewModel.swift */ = {isa = PBXFileReference; lastKnownFileType = sourcecode.swift; path = EpisodesViewModel.swift; sourceTree = "<group>"; };
		B1D8CA4A2A96DCDA00232090 /* EpisodesService.swift */ = {isa = PBXFileReference; lastKnownFileType = sourcecode.swift; path = EpisodesService.swift; sourceTree = "<group>"; };
		B1D8CA4C2A96DD4500232090 /* EpisodesResult.swift */ = {isa = PBXFileReference; lastKnownFileType = sourcecode.swift; path = EpisodesResult.swift; sourceTree = "<group>"; };
		B1D8CA4E2A96E39500232090 /* EpisodeEndpoints.swift */ = {isa = PBXFileReference; lastKnownFileType = sourcecode.swift; path = EpisodeEndpoints.swift; sourceTree = "<group>"; };
/* End PBXFileReference section */

/* Begin PBXFrameworksBuildPhase section */
		B16313E42A018A8200F8D85C /* Frameworks */ = {
			isa = PBXFrameworksBuildPhase;
			buildActionMask = 2147483647;
			files = (
				B107DAFA2A5DE5D90034EDC6 /* UI.framework in Frameworks */,
				B107DB002A5DEB1C0034EDC6 /* API.framework in Frameworks */,
			);
			runOnlyForDeploymentPostprocessing = 0;
		};
		B16313FA2A018A8300F8D85C /* Frameworks */ = {
			isa = PBXFrameworksBuildPhase;
			buildActionMask = 2147483647;
			files = (
			);
			runOnlyForDeploymentPostprocessing = 0;
		};
		B16314042A018A8300F8D85C /* Frameworks */ = {
			isa = PBXFrameworksBuildPhase;
			buildActionMask = 2147483647;
			files = (
			);
			runOnlyForDeploymentPostprocessing = 0;
		};
/* End PBXFrameworksBuildPhase section */

/* Begin PBXGroup section */
		B107DAF82A5DE5D90034EDC6 /* Frameworks */ = {
			isa = PBXGroup;
			children = (
				B107DAFF2A5DEB1C0034EDC6 /* API.framework */,
				B107DAF92A5DE5D90034EDC6 /* UI.framework */,
			);
			name = Frameworks;
			sourceTree = "<group>";
		};
		B16313DE2A018A8200F8D85C = {
			isa = PBXGroup;
			children = (
				B16313E92A018A8200F8D85C /* app-estudo */,
				B16314002A018A8300F8D85C /* app-estudoTests */,
				B163140A2A018A8300F8D85C /* app-estudoUITests */,
				B16313E82A018A8200F8D85C /* Products */,
				B107DAF82A5DE5D90034EDC6 /* Frameworks */,
			);
			sourceTree = "<group>";
		};
		B16313E82A018A8200F8D85C /* Products */ = {
			isa = PBXGroup;
			children = (
				B16313E72A018A8200F8D85C /* app-estudo.app */,
				B16313FD2A018A8300F8D85C /* app-estudoTests.xctest */,
				B16314072A018A8300F8D85C /* app-estudoUITests.xctest */,
			);
			name = Products;
			sourceTree = "<group>";
		};
		B16313E92A018A8200F8D85C /* app-estudo */ = {
			isa = PBXGroup;
			children = (
				B16C9DA32A1403C80083782B /* Source */,
				B16313EA2A018A8200F8D85C /* AppDelegate.swift */,
				B16313EC2A018A8200F8D85C /* SceneDelegate.swift */,
				B16313EE2A018A8200F8D85C /* ViewController.swift */,
				B16313F32A018A8300F8D85C /* Assets.xcassets */,
				B16313F52A018A8300F8D85C /* LaunchScreen.storyboard */,
				B16313F82A018A8300F8D85C /* Info.plist */,
			);
			path = "app-estudo";
			sourceTree = "<group>";
		};
		B16314002A018A8300F8D85C /* app-estudoTests */ = {
			isa = PBXGroup;
			children = (
			);
			path = "app-estudoTests";
			sourceTree = "<group>";
		};
		B163140A2A018A8300F8D85C /* app-estudoUITests */ = {
			isa = PBXGroup;
			children = (
			);
			path = "app-estudoUITests";
			sourceTree = "<group>";
		};
		B16C9DA32A1403C80083782B /* Source */ = {
			isa = PBXGroup;
			children = (
				B16C9DAC2A1407120083782B /* Episodes */,
				B16C9DAB2A1407000083782B /* Locations */,
				B16C9DA42A1403DA0083782B /* Characters */,
			);
			path = Source;
			sourceTree = "<group>";
		};
		B16C9DA42A1403DA0083782B /* Characters */ = {
			isa = PBXGroup;
			children = (
				B16C9DA72A1404390083782B /* CharactersViewController.swift */,
			);
			path = Characters;
			sourceTree = "<group>";
		};
		B16C9DAB2A1407000083782B /* Locations */ = {
			isa = PBXGroup;
			children = (
				B16D91F52A61C0E40046644A /* Model */,
				B16C9DAF2A1407640083782B /* LocationsViewController.swift */,
				B107DAFD2A5DEA7E0034EDC6 /* LocationsService.swift */,
				B16D91F62A61C7510046644A /* LocationEndpoints.swift */,
				B16D91F82A61CAE60046644A /* LocationsViewModel.swift */,
			);
			path = Locations;
			sourceTree = "<group>";
		};
		B16C9DAC2A1407120083782B /* Episodes */ = {
			isa = PBXGroup;
			children = (
				B1D8CA452A96D78800232090 /* Model */,
				B16C9DAD2A1407330083782B /* EpisodesViewController.swift */,
				B1D8CA482A96DB7D00232090 /* EpisodesViewModel.swift */,
				B1D8CA4A2A96DCDA00232090 /* EpisodesService.swift */,
				B1D8CA4E2A96E39500232090 /* EpisodeEndpoints.swift */,
				B1C878572A9E64090096152F /* EpisodesRepository.swift */,
			);
			path = Episodes;
			sourceTree = "<group>";
		};
		B16D91F52A61C0E40046644A /* Model */ = {
			isa = PBXGroup;
			children = (
				B107DB022A5DEBCE0034EDC6 /* Location.swift */,
				B107DB042A5DEC1E0034EDC6 /* LocationsResult.swift */,
			);
			path = Model;
			sourceTree = "<group>";
		};
		B1D8CA452A96D78800232090 /* Model */ = {
			isa = PBXGroup;
			children = (
				B1D8CA462A96D79E00232090 /* Episode.swift */,
				B1D8CA4C2A96DD4500232090 /* EpisodesResult.swift */,
			);
			path = Model;
			sourceTree = "<group>";
		};
/* End PBXGroup section */

/* Begin PBXNativeTarget section */
		B16313E62A018A8200F8D85C /* app-estudo */ = {
			isa = PBXNativeTarget;
			buildConfigurationList = B16314112A018A8300F8D85C /* Build configuration list for PBXNativeTarget "app-estudo" */;
			buildPhases = (
				B163141A2A018F3500F8D85C /* SwiftLint Script */,
				B16313E32A018A8200F8D85C /* Sources */,
				B16313E42A018A8200F8D85C /* Frameworks */,
				B16313E52A018A8200F8D85C /* Resources */,
				B107DAFC2A5DE5D90034EDC6 /* Embed Frameworks */,
			);
			buildRules = (
			);
			dependencies = (
			);
			name = "app-estudo";
			productName = "app-estudo";
			productReference = B16313E72A018A8200F8D85C /* app-estudo.app */;
			productType = "com.apple.product-type.application";
		};
		B16313FC2A018A8300F8D85C /* app-estudoTests */ = {
			isa = PBXNativeTarget;
			buildConfigurationList = B16314142A018A8300F8D85C /* Build configuration list for PBXNativeTarget "app-estudoTests" */;
			buildPhases = (
				B16313F92A018A8300F8D85C /* Sources */,
				B16313FA2A018A8300F8D85C /* Frameworks */,
				B16313FB2A018A8300F8D85C /* Resources */,
			);
			buildRules = (
			);
			dependencies = (
				B16313FF2A018A8300F8D85C /* PBXTargetDependency */,
			);
			name = "app-estudoTests";
			productName = "app-estudoTests";
			productReference = B16313FD2A018A8300F8D85C /* app-estudoTests.xctest */;
			productType = "com.apple.product-type.bundle.unit-test";
		};
		B16314062A018A8300F8D85C /* app-estudoUITests */ = {
			isa = PBXNativeTarget;
			buildConfigurationList = B16314172A018A8300F8D85C /* Build configuration list for PBXNativeTarget "app-estudoUITests" */;
			buildPhases = (
				B16314032A018A8300F8D85C /* Sources */,
				B16314042A018A8300F8D85C /* Frameworks */,
				B16314052A018A8300F8D85C /* Resources */,
			);
			buildRules = (
			);
			dependencies = (
				B16314092A018A8300F8D85C /* PBXTargetDependency */,
			);
			name = "app-estudoUITests";
			productName = "app-estudoUITests";
			productReference = B16314072A018A8300F8D85C /* app-estudoUITests.xctest */;
			productType = "com.apple.product-type.bundle.ui-testing";
		};
/* End PBXNativeTarget section */

/* Begin PBXProject section */
		B16313DF2A018A8200F8D85C /* Project object */ = {
			isa = PBXProject;
			attributes = {
				BuildIndependentTargetsInParallel = 1;
				LastSwiftUpdateCheck = 1430;
				LastUpgradeCheck = 1430;
				TargetAttributes = {
					B16313E62A018A8200F8D85C = {
						CreatedOnToolsVersion = 14.3;
					};
					B16313FC2A018A8300F8D85C = {
						CreatedOnToolsVersion = 14.3;
						TestTargetID = B16313E62A018A8200F8D85C;
					};
					B16314062A018A8300F8D85C = {
						CreatedOnToolsVersion = 14.3;
						TestTargetID = B16313E62A018A8200F8D85C;
					};
				};
			};
			buildConfigurationList = B16313E22A018A8200F8D85C /* Build configuration list for PBXProject "app-estudo" */;
			compatibilityVersion = "Xcode 14.0";
			developmentRegion = en;
			hasScannedForEncodings = 0;
			knownRegions = (
				en,
				Base,
			);
			mainGroup = B16313DE2A018A8200F8D85C;
			productRefGroup = B16313E82A018A8200F8D85C /* Products */;
			projectDirPath = "";
			projectRoot = "";
			targets = (
				B16313E62A018A8200F8D85C /* app-estudo */,
				B16313FC2A018A8300F8D85C /* app-estudoTests */,
				B16314062A018A8300F8D85C /* app-estudoUITests */,
			);
		};
/* End PBXProject section */

/* Begin PBXResourcesBuildPhase section */
		B16313E52A018A8200F8D85C /* Resources */ = {
			isa = PBXResourcesBuildPhase;
			buildActionMask = 2147483647;
			files = (
				B16313F72A018A8300F8D85C /* LaunchScreen.storyboard in Resources */,
				B16313F42A018A8300F8D85C /* Assets.xcassets in Resources */,
			);
			runOnlyForDeploymentPostprocessing = 0;
		};
		B16313FB2A018A8300F8D85C /* Resources */ = {
			isa = PBXResourcesBuildPhase;
			buildActionMask = 2147483647;
			files = (
			);
			runOnlyForDeploymentPostprocessing = 0;
		};
		B16314052A018A8300F8D85C /* Resources */ = {
			isa = PBXResourcesBuildPhase;
			buildActionMask = 2147483647;
			files = (
			);
			runOnlyForDeploymentPostprocessing = 0;
		};
/* End PBXResourcesBuildPhase section */

/* Begin PBXShellScriptBuildPhase section */
		B163141A2A018F3500F8D85C /* SwiftLint Script */ = {
			isa = PBXShellScriptBuildPhase;
			alwaysOutOfDate = 1;
			buildActionMask = 2147483647;
			files = (
			);
			inputFileListPaths = (
			);
			inputPaths = (
			);
			name = "SwiftLint Script";
			outputFileListPaths = (
			);
			outputPaths = (
			);
			runOnlyForDeploymentPostprocessing = 0;
			shellPath = /bin/sh;
			shellScript = "if which swiftlint >/dev/null; then\n swiftlint lint --config './.swiftlint.yml'\nelse\n echo \"warning: SwiftLint not installed, download from https://github.com/realm/SwiftLint\"\nfi\n";
		};
/* End PBXShellScriptBuildPhase section */

/* Begin PBXSourcesBuildPhase section */
		B16313E32A018A8200F8D85C /* Sources */ = {
			isa = PBXSourcesBuildPhase;
			buildActionMask = 2147483647;
			files = (
				B16C9DB02A1407640083782B /* LocationsViewController.swift in Sources */,
				B1D8CA472A96D79E00232090 /* Episode.swift in Sources */,
				B1C878582A9E64090096152F /* EpisodesRepository.swift in Sources */,
				B16C9DAE2A1407330083782B /* EpisodesViewController.swift in Sources */,
				B1D8CA4B2A96DCDA00232090 /* EpisodesService.swift in Sources */,
				B16C9DA82A1404390083782B /* CharactersViewController.swift in Sources */,
				B16D91F72A61C7510046644A /* LocationEndpoints.swift in Sources */,
				B16313EF2A018A8200F8D85C /* ViewController.swift in Sources */,
				B1D8CA4D2A96DD4500232090 /* EpisodesResult.swift in Sources */,
				B107DB032A5DEBCE0034EDC6 /* Location.swift in Sources */,
				B1D8CA492A96DB7D00232090 /* EpisodesViewModel.swift in Sources */,
				B107DB052A5DEC1E0034EDC6 /* LocationsResult.swift in Sources */,
				B16D91F92A61CAE60046644A /* LocationsViewModel.swift in Sources */,
				B16313EB2A018A8200F8D85C /* AppDelegate.swift in Sources */,
				B107DAFE2A5DEA7E0034EDC6 /* LocationsService.swift in Sources */,
				B1D8CA4F2A96E39500232090 /* EpisodeEndpoints.swift in Sources */,
				B16313ED2A018A8200F8D85C /* SceneDelegate.swift in Sources */,
			);
			runOnlyForDeploymentPostprocessing = 0;
		};
		B16313F92A018A8300F8D85C /* Sources */ = {
			isa = PBXSourcesBuildPhase;
			buildActionMask = 2147483647;
			files = (
			);
			runOnlyForDeploymentPostprocessing = 0;
		};
		B16314032A018A8300F8D85C /* Sources */ = {
			isa = PBXSourcesBuildPhase;
			buildActionMask = 2147483647;
			files = (
			);
			runOnlyForDeploymentPostprocessing = 0;
		};
/* End PBXSourcesBuildPhase section */

/* Begin PBXTargetDependency section */
		B16313FF2A018A8300F8D85C /* PBXTargetDependency */ = {
			isa = PBXTargetDependency;
			target = B16313E62A018A8200F8D85C /* app-estudo */;
			targetProxy = B16313FE2A018A8300F8D85C /* PBXContainerItemProxy */;
		};
		B16314092A018A8300F8D85C /* PBXTargetDependency */ = {
			isa = PBXTargetDependency;
			target = B16313E62A018A8200F8D85C /* app-estudo */;
			targetProxy = B16314082A018A8300F8D85C /* PBXContainerItemProxy */;
		};
/* End PBXTargetDependency section */

/* Begin PBXVariantGroup section */
		B16313F52A018A8300F8D85C /* LaunchScreen.storyboard */ = {
			isa = PBXVariantGroup;
			children = (
				B16313F62A018A8300F8D85C /* Base */,
			);
			name = LaunchScreen.storyboard;
			sourceTree = "<group>";
		};
/* End PBXVariantGroup section */

/* Begin XCBuildConfiguration section */
		B163140F2A018A8300F8D85C /* Debug */ = {
			isa = XCBuildConfiguration;
			buildSettings = {
				ALWAYS_SEARCH_USER_PATHS = NO;
				CLANG_ANALYZER_NONNULL = YES;
				CLANG_ANALYZER_NUMBER_OBJECT_CONVERSION = YES_AGGRESSIVE;
				CLANG_CXX_LANGUAGE_STANDARD = "gnu++20";
				CLANG_ENABLE_MODULES = YES;
				CLANG_ENABLE_OBJC_ARC = YES;
				CLANG_ENABLE_OBJC_WEAK = YES;
				CLANG_WARN_BLOCK_CAPTURE_AUTORELEASING = YES;
				CLANG_WARN_BOOL_CONVERSION = YES;
				CLANG_WARN_COMMA = YES;
				CLANG_WARN_CONSTANT_CONVERSION = YES;
				CLANG_WARN_DEPRECATED_OBJC_IMPLEMENTATIONS = YES;
				CLANG_WARN_DIRECT_OBJC_ISA_USAGE = YES_ERROR;
				CLANG_WARN_DOCUMENTATION_COMMENTS = YES;
				CLANG_WARN_EMPTY_BODY = YES;
				CLANG_WARN_ENUM_CONVERSION = YES;
				CLANG_WARN_INFINITE_RECURSION = YES;
				CLANG_WARN_INT_CONVERSION = YES;
				CLANG_WARN_NON_LITERAL_NULL_CONVERSION = YES;
				CLANG_WARN_OBJC_IMPLICIT_RETAIN_SELF = YES;
				CLANG_WARN_OBJC_LITERAL_CONVERSION = YES;
				CLANG_WARN_OBJC_ROOT_CLASS = YES_ERROR;
				CLANG_WARN_QUOTED_INCLUDE_IN_FRAMEWORK_HEADER = YES;
				CLANG_WARN_RANGE_LOOP_ANALYSIS = YES;
				CLANG_WARN_STRICT_PROTOTYPES = YES;
				CLANG_WARN_SUSPICIOUS_MOVE = YES;
				CLANG_WARN_UNGUARDED_AVAILABILITY = YES_AGGRESSIVE;
				CLANG_WARN_UNREACHABLE_CODE = YES;
				CLANG_WARN__DUPLICATE_METHOD_MATCH = YES;
				COPY_PHASE_STRIP = NO;
				DEBUG_INFORMATION_FORMAT = dwarf;
				ENABLE_STRICT_OBJC_MSGSEND = YES;
				ENABLE_TESTABILITY = YES;
				GCC_C_LANGUAGE_STANDARD = gnu11;
				GCC_DYNAMIC_NO_PIC = NO;
				GCC_NO_COMMON_BLOCKS = YES;
				GCC_OPTIMIZATION_LEVEL = 0;
				GCC_PREPROCESSOR_DEFINITIONS = (
					"DEBUG=1",
					"$(inherited)",
				);
				GCC_WARN_64_TO_32_BIT_CONVERSION = YES;
				GCC_WARN_ABOUT_RETURN_TYPE = YES_ERROR;
				GCC_WARN_UNDECLARED_SELECTOR = YES;
				GCC_WARN_UNINITIALIZED_AUTOS = YES_AGGRESSIVE;
				GCC_WARN_UNUSED_FUNCTION = YES;
				GCC_WARN_UNUSED_VARIABLE = YES;
				IPHONEOS_DEPLOYMENT_TARGET = 16.4;
				MTL_ENABLE_DEBUG_INFO = INCLUDE_SOURCE;
				MTL_FAST_MATH = YES;
				ONLY_ACTIVE_ARCH = YES;
				SDKROOT = iphoneos;
				SWIFT_ACTIVE_COMPILATION_CONDITIONS = DEBUG;
				SWIFT_OPTIMIZATION_LEVEL = "-Onone";
			};
			name = Debug;
		};
		B16314102A018A8300F8D85C /* Release */ = {
			isa = XCBuildConfiguration;
			buildSettings = {
				ALWAYS_SEARCH_USER_PATHS = NO;
				CLANG_ANALYZER_NONNULL = YES;
				CLANG_ANALYZER_NUMBER_OBJECT_CONVERSION = YES_AGGRESSIVE;
				CLANG_CXX_LANGUAGE_STANDARD = "gnu++20";
				CLANG_ENABLE_MODULES = YES;
				CLANG_ENABLE_OBJC_ARC = YES;
				CLANG_ENABLE_OBJC_WEAK = YES;
				CLANG_WARN_BLOCK_CAPTURE_AUTORELEASING = YES;
				CLANG_WARN_BOOL_CONVERSION = YES;
				CLANG_WARN_COMMA = YES;
				CLANG_WARN_CONSTANT_CONVERSION = YES;
				CLANG_WARN_DEPRECATED_OBJC_IMPLEMENTATIONS = YES;
				CLANG_WARN_DIRECT_OBJC_ISA_USAGE = YES_ERROR;
				CLANG_WARN_DOCUMENTATION_COMMENTS = YES;
				CLANG_WARN_EMPTY_BODY = YES;
				CLANG_WARN_ENUM_CONVERSION = YES;
				CLANG_WARN_INFINITE_RECURSION = YES;
				CLANG_WARN_INT_CONVERSION = YES;
				CLANG_WARN_NON_LITERAL_NULL_CONVERSION = YES;
				CLANG_WARN_OBJC_IMPLICIT_RETAIN_SELF = YES;
				CLANG_WARN_OBJC_LITERAL_CONVERSION = YES;
				CLANG_WARN_OBJC_ROOT_CLASS = YES_ERROR;
				CLANG_WARN_QUOTED_INCLUDE_IN_FRAMEWORK_HEADER = YES;
				CLANG_WARN_RANGE_LOOP_ANALYSIS = YES;
				CLANG_WARN_STRICT_PROTOTYPES = YES;
				CLANG_WARN_SUSPICIOUS_MOVE = YES;
				CLANG_WARN_UNGUARDED_AVAILABILITY = YES_AGGRESSIVE;
				CLANG_WARN_UNREACHABLE_CODE = YES;
				CLANG_WARN__DUPLICATE_METHOD_MATCH = YES;
				COPY_PHASE_STRIP = NO;
				DEBUG_INFORMATION_FORMAT = "dwarf-with-dsym";
				ENABLE_NS_ASSERTIONS = NO;
				ENABLE_STRICT_OBJC_MSGSEND = YES;
				GCC_C_LANGUAGE_STANDARD = gnu11;
				GCC_NO_COMMON_BLOCKS = YES;
				GCC_WARN_64_TO_32_BIT_CONVERSION = YES;
				GCC_WARN_ABOUT_RETURN_TYPE = YES_ERROR;
				GCC_WARN_UNDECLARED_SELECTOR = YES;
				GCC_WARN_UNINITIALIZED_AUTOS = YES_AGGRESSIVE;
				GCC_WARN_UNUSED_FUNCTION = YES;
				GCC_WARN_UNUSED_VARIABLE = YES;
				IPHONEOS_DEPLOYMENT_TARGET = 16.4;
				MTL_ENABLE_DEBUG_INFO = NO;
				MTL_FAST_MATH = YES;
				SDKROOT = iphoneos;
				SWIFT_COMPILATION_MODE = wholemodule;
				SWIFT_OPTIMIZATION_LEVEL = "-O";
				VALIDATE_PRODUCT = YES;
			};
			name = Release;
		};
		B16314122A018A8300F8D85C /* Debug */ = {
			isa = XCBuildConfiguration;
			buildSettings = {
				ASSETCATALOG_COMPILER_APPICON_NAME = AppIcon;
				ASSETCATALOG_COMPILER_GLOBAL_ACCENT_COLOR_NAME = AccentColor;
				CODE_SIGN_STYLE = Automatic;
				CURRENT_PROJECT_VERSION = 1;
				DEVELOPMENT_TEAM = 622WCMBDK6;
				GENERATE_INFOPLIST_FILE = YES;
				INFOPLIST_FILE = "app-estudo/Info.plist";
				INFOPLIST_KEY_UIApplicationSupportsIndirectInputEvents = YES;
				INFOPLIST_KEY_UILaunchStoryboardName = LaunchScreen;
				INFOPLIST_KEY_UISupportedInterfaceOrientations_iPad = "UIInterfaceOrientationPortrait UIInterfaceOrientationPortraitUpsideDown UIInterfaceOrientationLandscapeLeft UIInterfaceOrientationLandscapeRight";
				INFOPLIST_KEY_UISupportedInterfaceOrientations_iPhone = "UIInterfaceOrientationPortrait UIInterfaceOrientationLandscapeLeft UIInterfaceOrientationLandscapeRight";
				LD_RUNPATH_SEARCH_PATHS = (
					"$(inherited)",
					"@executable_path/Frameworks",
				);
				MARKETING_VERSION = 1.0;
				PRODUCT_BUNDLE_IDENTIFIER = "beatriz.app-estudo";
				PRODUCT_NAME = "$(TARGET_NAME)";
				SWIFT_EMIT_LOC_STRINGS = YES;
				SWIFT_VERSION = 5.0;
				TARGETED_DEVICE_FAMILY = "1,2";
			};
			name = Debug;
		};
		B16314132A018A8300F8D85C /* Release */ = {
			isa = XCBuildConfiguration;
			buildSettings = {
				ASSETCATALOG_COMPILER_APPICON_NAME = AppIcon;
				ASSETCATALOG_COMPILER_GLOBAL_ACCENT_COLOR_NAME = AccentColor;
				CODE_SIGN_STYLE = Automatic;
				CURRENT_PROJECT_VERSION = 1;
				DEVELOPMENT_TEAM = 622WCMBDK6;
				GENERATE_INFOPLIST_FILE = YES;
				INFOPLIST_FILE = "app-estudo/Info.plist";
				INFOPLIST_KEY_UIApplicationSupportsIndirectInputEvents = YES;
				INFOPLIST_KEY_UILaunchStoryboardName = LaunchScreen;
				INFOPLIST_KEY_UISupportedInterfaceOrientations_iPad = "UIInterfaceOrientationPortrait UIInterfaceOrientationPortraitUpsideDown UIInterfaceOrientationLandscapeLeft UIInterfaceOrientationLandscapeRight";
				INFOPLIST_KEY_UISupportedInterfaceOrientations_iPhone = "UIInterfaceOrientationPortrait UIInterfaceOrientationLandscapeLeft UIInterfaceOrientationLandscapeRight";
				LD_RUNPATH_SEARCH_PATHS = (
					"$(inherited)",
					"@executable_path/Frameworks",
				);
				MARKETING_VERSION = 1.0;
				PRODUCT_BUNDLE_IDENTIFIER = "beatriz.app-estudo";
				PRODUCT_NAME = "$(TARGET_NAME)";
				SWIFT_EMIT_LOC_STRINGS = YES;
				SWIFT_VERSION = 5.0;
				TARGETED_DEVICE_FAMILY = "1,2";
			};
			name = Release;
		};
		B16314152A018A8300F8D85C /* Debug */ = {
			isa = XCBuildConfiguration;
			buildSettings = {
				ALWAYS_EMBED_SWIFT_STANDARD_LIBRARIES = YES;
				BUNDLE_LOADER = "$(TEST_HOST)";
				CODE_SIGN_STYLE = Automatic;
				CURRENT_PROJECT_VERSION = 1;
				DEVELOPMENT_TEAM = 622WCMBDK6;
				GENERATE_INFOPLIST_FILE = YES;
				IPHONEOS_DEPLOYMENT_TARGET = 16.4;
				MARKETING_VERSION = 1.0;
				PRODUCT_BUNDLE_IDENTIFIER = "beatriz.app-estudoTests";
				PRODUCT_NAME = "$(TARGET_NAME)";
				SWIFT_EMIT_LOC_STRINGS = NO;
				SWIFT_VERSION = 5.0;
				TARGETED_DEVICE_FAMILY = "1,2";
				TEST_HOST = "$(BUILT_PRODUCTS_DIR)/app-estudo.app/$(BUNDLE_EXECUTABLE_FOLDER_PATH)/app-estudo";
			};
			name = Debug;
		};
		B16314162A018A8300F8D85C /* Release */ = {
			isa = XCBuildConfiguration;
			buildSettings = {
				ALWAYS_EMBED_SWIFT_STANDARD_LIBRARIES = YES;
				BUNDLE_LOADER = "$(TEST_HOST)";
				CODE_SIGN_STYLE = Automatic;
				CURRENT_PROJECT_VERSION = 1;
				DEVELOPMENT_TEAM = 622WCMBDK6;
				GENERATE_INFOPLIST_FILE = YES;
				IPHONEOS_DEPLOYMENT_TARGET = 16.4;
				MARKETING_VERSION = 1.0;
				PRODUCT_BUNDLE_IDENTIFIER = "beatriz.app-estudoTests";
				PRODUCT_NAME = "$(TARGET_NAME)";
				SWIFT_EMIT_LOC_STRINGS = NO;
				SWIFT_VERSION = 5.0;
				TARGETED_DEVICE_FAMILY = "1,2";
				TEST_HOST = "$(BUILT_PRODUCTS_DIR)/app-estudo.app/$(BUNDLE_EXECUTABLE_FOLDER_PATH)/app-estudo";
			};
			name = Release;
		};
		B16314182A018A8300F8D85C /* Debug */ = {
			isa = XCBuildConfiguration;
			buildSettings = {
				ALWAYS_EMBED_SWIFT_STANDARD_LIBRARIES = YES;
				CODE_SIGN_STYLE = Automatic;
				CURRENT_PROJECT_VERSION = 1;
				DEVELOPMENT_TEAM = 622WCMBDK6;
				GENERATE_INFOPLIST_FILE = YES;
				MARKETING_VERSION = 1.0;
				PRODUCT_BUNDLE_IDENTIFIER = "beatriz.app-estudoUITests";
				PRODUCT_NAME = "$(TARGET_NAME)";
				SWIFT_EMIT_LOC_STRINGS = NO;
				SWIFT_VERSION = 5.0;
				TARGETED_DEVICE_FAMILY = "1,2";
				TEST_TARGET_NAME = "app-estudo";
			};
			name = Debug;
		};
		B16314192A018A8300F8D85C /* Release */ = {
			isa = XCBuildConfiguration;
			buildSettings = {
				ALWAYS_EMBED_SWIFT_STANDARD_LIBRARIES = YES;
				CODE_SIGN_STYLE = Automatic;
				CURRENT_PROJECT_VERSION = 1;
				DEVELOPMENT_TEAM = 622WCMBDK6;
				GENERATE_INFOPLIST_FILE = YES;
				MARKETING_VERSION = 1.0;
				PRODUCT_BUNDLE_IDENTIFIER = "beatriz.app-estudoUITests";
				PRODUCT_NAME = "$(TARGET_NAME)";
				SWIFT_EMIT_LOC_STRINGS = NO;
				SWIFT_VERSION = 5.0;
				TARGETED_DEVICE_FAMILY = "1,2";
				TEST_TARGET_NAME = "app-estudo";
			};
			name = Release;
		};
/* End XCBuildConfiguration section */

/* Begin XCConfigurationList section */
		B16313E22A018A8200F8D85C /* Build configuration list for PBXProject "app-estudo" */ = {
			isa = XCConfigurationList;
			buildConfigurations = (
				B163140F2A018A8300F8D85C /* Debug */,
				B16314102A018A8300F8D85C /* Release */,
			);
			defaultConfigurationIsVisible = 0;
			defaultConfigurationName = Release;
		};
		B16314112A018A8300F8D85C /* Build configuration list for PBXNativeTarget "app-estudo" */ = {
			isa = XCConfigurationList;
			buildConfigurations = (
				B16314122A018A8300F8D85C /* Debug */,
				B16314132A018A8300F8D85C /* Release */,
			);
			defaultConfigurationIsVisible = 0;
			defaultConfigurationName = Release;
		};
		B16314142A018A8300F8D85C /* Build configuration list for PBXNativeTarget "app-estudoTests" */ = {
			isa = XCConfigurationList;
			buildConfigurations = (
				B16314152A018A8300F8D85C /* Debug */,
				B16314162A018A8300F8D85C /* Release */,
			);
			defaultConfigurationIsVisible = 0;
			defaultConfigurationName = Release;
		};
		B16314172A018A8300F8D85C /* Build configuration list for PBXNativeTarget "app-estudoUITests" */ = {
			isa = XCConfigurationList;
			buildConfigurations = (
				B16314182A018A8300F8D85C /* Debug */,
				B16314192A018A8300F8D85C /* Release */,
			);
			defaultConfigurationIsVisible = 0;
			defaultConfigurationName = Release;
		};
/* End XCConfigurationList section */
	};
	rootObject = B16313DF2A018A8200F8D85C /* Project object */;
}
