// !$*UTF8*$!
{
	archiveVersion = 1;
	classes = {
	};
	objectVersion = 56;
	objects = {

/* Begin PBXBuildFile section */
		B107DAF32A5DD6F70034EDC6 /* InformationView.swift in Sources */ = {isa = PBXBuildFile; fileRef = B107DAF22A5DD6F70034EDC6 /* InformationView.swift */; };
		B107DAF52A5DDEA30034EDC6 /* InformationViewModel.swift in Sources */ = {isa = PBXBuildFile; fileRef = B107DAF42A5DDEA30034EDC6 /* InformationViewModel.swift */; };
		B107DAF72A5DE10F0034EDC6 /* InformationUITableViewCell.swift in Sources */ = {isa = PBXBuildFile; fileRef = B107DAF62A5DE10F0034EDC6 /* InformationUITableViewCell.swift */; };
		B163144E2A019B4F00F8D85C /* UI.docc in Sources */ = {isa = PBXBuildFile; fileRef = B163144D2A019B4F00F8D85C /* UI.docc */; };
		B16314542A019B4F00F8D85C /* UI.framework in Frameworks */ = {isa = PBXBuildFile; fileRef = B16314492A019B4F00F8D85C /* UI.framework */; };
		B16314592A019B4F00F8D85C /* UITests.swift in Sources */ = {isa = PBXBuildFile; fileRef = B16314582A019B4F00F8D85C /* UITests.swift */; };
		B163145A2A019B4F00F8D85C /* UI.h in Headers */ = {isa = PBXBuildFile; fileRef = B163144C2A019B4F00F8D85C /* UI.h */; settings = {ATTRIBUTES = (Public, ); }; };
		B16C9DB42A140B160083782B /* ProfileView.swift in Sources */ = {isa = PBXBuildFile; fileRef = B16C9DB32A140B160083782B /* ProfileView.swift */; };
/* End PBXBuildFile section */

/* Begin PBXContainerItemProxy section */
		B16314552A019B4F00F8D85C /* PBXContainerItemProxy */ = {
			isa = PBXContainerItemProxy;
			containerPortal = B16314402A019B4F00F8D85C /* Project object */;
			proxyType = 1;
			remoteGlobalIDString = B16314482A019B4F00F8D85C;
			remoteInfo = UI;
		};
/* End PBXContainerItemProxy section */

/* Begin PBXFileReference section */
		B107DAF22A5DD6F70034EDC6 /* InformationView.swift */ = {isa = PBXFileReference; lastKnownFileType = sourcecode.swift; path = InformationView.swift; sourceTree = "<group>"; };
		B107DAF42A5DDEA30034EDC6 /* InformationViewModel.swift */ = {isa = PBXFileReference; lastKnownFileType = sourcecode.swift; path = InformationViewModel.swift; sourceTree = "<group>"; };
		B107DAF62A5DE10F0034EDC6 /* InformationUITableViewCell.swift */ = {isa = PBXFileReference; lastKnownFileType = sourcecode.swift; path = InformationUITableViewCell.swift; sourceTree = "<group>"; };
		B16314492A019B4F00F8D85C /* UI.framework */ = {isa = PBXFileReference; explicitFileType = wrapper.framework; includeInIndex = 0; path = UI.framework; sourceTree = BUILT_PRODUCTS_DIR; };
		B163144C2A019B4F00F8D85C /* UI.h */ = {isa = PBXFileReference; lastKnownFileType = sourcecode.c.h; path = UI.h; sourceTree = "<group>"; };
		B163144D2A019B4F00F8D85C /* UI.docc */ = {isa = PBXFileReference; lastKnownFileType = folder.documentationcatalog; path = UI.docc; sourceTree = "<group>"; };
		B16314532A019B4F00F8D85C /* UITests.xctest */ = {isa = PBXFileReference; explicitFileType = wrapper.cfbundle; includeInIndex = 0; path = UITests.xctest; sourceTree = BUILT_PRODUCTS_DIR; };
		B16314582A019B4F00F8D85C /* UITests.swift */ = {isa = PBXFileReference; lastKnownFileType = sourcecode.swift; path = UITests.swift; sourceTree = "<group>"; };
		B16C9DB32A140B160083782B /* ProfileView.swift */ = {isa = PBXFileReference; lastKnownFileType = sourcecode.swift; path = ProfileView.swift; sourceTree = "<group>"; };
/* End PBXFileReference section */

/* Begin PBXFrameworksBuildPhase section */
		B16314462A019B4F00F8D85C /* Frameworks */ = {
			isa = PBXFrameworksBuildPhase;
			buildActionMask = 2147483647;
			files = (
			);
			runOnlyForDeploymentPostprocessing = 0;
		};
		B16314502A019B4F00F8D85C /* Frameworks */ = {
			isa = PBXFrameworksBuildPhase;
			buildActionMask = 2147483647;
			files = (
				B16314542A019B4F00F8D85C /* UI.framework in Frameworks */,
			);
			runOnlyForDeploymentPostprocessing = 0;
		};
/* End PBXFrameworksBuildPhase section */

/* Begin PBXGroup section */
		B107DAF12A5DD6A00034EDC6 /* InformationView */ = {
			isa = PBXGroup;
			children = (
				B107DAF22A5DD6F70034EDC6 /* InformationView.swift */,
				B107DAF42A5DDEA30034EDC6 /* InformationViewModel.swift */,
				B107DAF62A5DE10F0034EDC6 /* InformationUITableViewCell.swift */,
			);
			path = InformationView;
			sourceTree = "<group>";
		};
		B163143F2A019B4F00F8D85C = {
			isa = PBXGroup;
			children = (
				B163144B2A019B4F00F8D85C /* UI */,
				B16314572A019B4F00F8D85C /* UITests */,
				B163144A2A019B4F00F8D85C /* Products */,
			);
			sourceTree = "<group>";
		};
		B163144A2A019B4F00F8D85C /* Products */ = {
			isa = PBXGroup;
			children = (
				B16314492A019B4F00F8D85C /* UI.framework */,
				B16314532A019B4F00F8D85C /* UITests.xctest */,
			);
			name = Products;
			sourceTree = "<group>";
		};
		B163144B2A019B4F00F8D85C /* UI */ = {
			isa = PBXGroup;
			children = (
				B16C9DB12A140ADB0083782B /* Source */,
				B163144C2A019B4F00F8D85C /* UI.h */,
				B163144D2A019B4F00F8D85C /* UI.docc */,
			);
			path = UI;
			sourceTree = "<group>";
		};
		B16314572A019B4F00F8D85C /* UITests */ = {
			isa = PBXGroup;
			children = (
				B16314582A019B4F00F8D85C /* UITests.swift */,
			);
			path = UITests;
			sourceTree = "<group>";
		};
		B16C9DB12A140ADB0083782B /* Source */ = {
			isa = PBXGroup;
			children = (
				B107DAF12A5DD6A00034EDC6 /* InformationView */,
				B16C9DB22A140AE80083782B /* Profile */,
			);
			path = Source;
			sourceTree = "<group>";
		};
		B16C9DB22A140AE80083782B /* Profile */ = {
			isa = PBXGroup;
			children = (
				B16C9DB32A140B160083782B /* ProfileView.swift */,
			);
			path = Profile;
			sourceTree = "<group>";
		};
/* End PBXGroup section */

/* Begin PBXHeadersBuildPhase section */
		B16314442A019B4F00F8D85C /* Headers */ = {
			isa = PBXHeadersBuildPhase;
			buildActionMask = 2147483647;
			files = (
				B163145A2A019B4F00F8D85C /* UI.h in Headers */,
			);
			runOnlyForDeploymentPostprocessing = 0;
		};
/* End PBXHeadersBuildPhase section */

/* Begin PBXNativeTarget section */
		B16314482A019B4F00F8D85C /* UI */ = {
			isa = PBXNativeTarget;
			buildConfigurationList = B163145D2A019B4F00F8D85C /* Build configuration list for PBXNativeTarget "UI" */;
			buildPhases = (
				B16314442A019B4F00F8D85C /* Headers */,
				B16314452A019B4F00F8D85C /* Sources */,
				B16314462A019B4F00F8D85C /* Frameworks */,
				B16314472A019B4F00F8D85C /* Resources */,
			);
			buildRules = (
			);
			dependencies = (
			);
			name = UI;
			productName = UI;
			productReference = B16314492A019B4F00F8D85C /* UI.framework */;
			productType = "com.apple.product-type.framework";
		};
		B16314522A019B4F00F8D85C /* UITests */ = {
			isa = PBXNativeTarget;
			buildConfigurationList = B16314602A019B4F00F8D85C /* Build configuration list for PBXNativeTarget "UITests" */;
			buildPhases = (
				B163144F2A019B4F00F8D85C /* Sources */,
				B16314502A019B4F00F8D85C /* Frameworks */,
				B16314512A019B4F00F8D85C /* Resources */,
			);
			buildRules = (
			);
			dependencies = (
				B16314562A019B4F00F8D85C /* PBXTargetDependency */,
			);
			name = UITests;
			productName = UITests;
			productReference = B16314532A019B4F00F8D85C /* UITests.xctest */;
			productType = "com.apple.product-type.bundle.unit-test";
		};
/* End PBXNativeTarget section */

/* Begin PBXProject section */
		B16314402A019B4F00F8D85C /* Project object */ = {
			isa = PBXProject;
			attributes = {
				BuildIndependentTargetsInParallel = 1;
				LastSwiftUpdateCheck = 1430;
				LastUpgradeCheck = 1430;
				TargetAttributes = {
					B16314482A019B4F00F8D85C = {
						CreatedOnToolsVersion = 14.3;
					};
					B16314522A019B4F00F8D85C = {
						CreatedOnToolsVersion = 14.3;
					};
				};
			};
			buildConfigurationList = B16314432A019B4F00F8D85C /* Build configuration list for PBXProject "UI" */;
			compatibilityVersion = "Xcode 14.0";
			developmentRegion = en;
			hasScannedForEncodings = 0;
			knownRegions = (
				en,
				Base,
			);
			mainGroup = B163143F2A019B4F00F8D85C;
			productRefGroup = B163144A2A019B4F00F8D85C /* Products */;
			projectDirPath = "";
			projectRoot = "";
			targets = (
				B16314482A019B4F00F8D85C /* UI */,
				B16314522A019B4F00F8D85C /* UITests */,
			);
		};
/* End PBXProject section */

/* Begin PBXResourcesBuildPhase section */
		B16314472A019B4F00F8D85C /* Resources */ = {
			isa = PBXResourcesBuildPhase;
			buildActionMask = 2147483647;
			files = (
			);
			runOnlyForDeploymentPostprocessing = 0;
		};
		B16314512A019B4F00F8D85C /* Resources */ = {
			isa = PBXResourcesBuildPhase;
			buildActionMask = 2147483647;
			files = (
			);
			runOnlyForDeploymentPostprocessing = 0;
		};
/* End PBXResourcesBuildPhase section */

/* Begin PBXSourcesBuildPhase section */
		B16314452A019B4F00F8D85C /* Sources */ = {
			isa = PBXSourcesBuildPhase;
			buildActionMask = 2147483647;
			files = (
				B107DAF32A5DD6F70034EDC6 /* InformationView.swift in Sources */,
				B16C9DB42A140B160083782B /* ProfileView.swift in Sources */,
				B163144E2A019B4F00F8D85C /* UI.docc in Sources */,
				B107DAF52A5DDEA30034EDC6 /* InformationViewModel.swift in Sources */,
				B107DAF72A5DE10F0034EDC6 /* InformationUITableViewCell.swift in Sources */,
			);
			runOnlyForDeploymentPostprocessing = 0;
		};
		B163144F2A019B4F00F8D85C /* Sources */ = {
			isa = PBXSourcesBuildPhase;
			buildActionMask = 2147483647;
			files = (
				B16314592A019B4F00F8D85C /* UITests.swift in Sources */,
			);
			runOnlyForDeploymentPostprocessing = 0;
		};
/* End PBXSourcesBuildPhase section */

/* Begin PBXTargetDependency section */
		B16314562A019B4F00F8D85C /* PBXTargetDependency */ = {
			isa = PBXTargetDependency;
			target = B16314482A019B4F00F8D85C /* UI */;
			targetProxy = B16314552A019B4F00F8D85C /* PBXContainerItemProxy */;
		};
/* End PBXTargetDependency section */

/* Begin XCBuildConfiguration section */
		B163145B2A019B4F00F8D85C /* Debug */ = {
			isa = XCBuildConfiguration;
			buildSettings = {
				ALWAYS_SEARCH_USER_PATHS = NO;
				CLANG_ANALYZER_NONNULL = YES;
				CLANG_ANALYZER_NUMBER_OBJECT_CONVERSION = YES_AGGRESSIVE;
				CLANG_CXX_LANGUAGE_STANDARD = "gnu++20";
				CLANG_ENABLE_MODULES = YES;
				CLANG_ENABLE_OBJC_ARC = YES;
				CLANG_ENABLE_OBJC_WEAK = YES;
				CLANG_WARN_BLOCK_CAPTURE_AUTORELEASING = YES;
				CLANG_WARN_BOOL_CONVERSION = YES;
				CLANG_WARN_COMMA = YES;
				CLANG_WARN_CONSTANT_CONVERSION = YES;
				CLANG_WARN_DEPRECATED_OBJC_IMPLEMENTATIONS = YES;
				CLANG_WARN_DIRECT_OBJC_ISA_USAGE = YES_ERROR;
				CLANG_WARN_DOCUMENTATION_COMMENTS = YES;
				CLANG_WARN_EMPTY_BODY = YES;
				CLANG_WARN_ENUM_CONVERSION = YES;
				CLANG_WARN_INFINITE_RECURSION = YES;
				CLANG_WARN_INT_CONVERSION = YES;
				CLANG_WARN_NON_LITERAL_NULL_CONVERSION = YES;
				CLANG_WARN_OBJC_IMPLICIT_RETAIN_SELF = YES;
				CLANG_WARN_OBJC_LITERAL_CONVERSION = YES;
				CLANG_WARN_OBJC_ROOT_CLASS = YES_ERROR;
				CLANG_WARN_QUOTED_INCLUDE_IN_FRAMEWORK_HEADER = YES;
				CLANG_WARN_RANGE_LOOP_ANALYSIS = YES;
				CLANG_WARN_STRICT_PROTOTYPES = YES;
				CLANG_WARN_SUSPICIOUS_MOVE = YES;
				CLANG_WARN_UNGUARDED_AVAILABILITY = YES_AGGRESSIVE;
				CLANG_WARN_UNREACHABLE_CODE = YES;
				CLANG_WARN__DUPLICATE_METHOD_MATCH = YES;
				COPY_PHASE_STRIP = NO;
				CURRENT_PROJECT_VERSION = 1;
				DEBUG_INFORMATION_FORMAT = dwarf;
				ENABLE_STRICT_OBJC_MSGSEND = YES;
				ENABLE_TESTABILITY = YES;
				GCC_C_LANGUAGE_STANDARD = gnu11;
				GCC_DYNAMIC_NO_PIC = NO;
				GCC_NO_COMMON_BLOCKS = YES;
				GCC_OPTIMIZATION_LEVEL = 0;
				GCC_PREPROCESSOR_DEFINITIONS = (
					"DEBUG=1",
					"$(inherited)",
				);
				GCC_WARN_64_TO_32_BIT_CONVERSION = YES;
				GCC_WARN_ABOUT_RETURN_TYPE = YES_ERROR;
				GCC_WARN_UNDECLARED_SELECTOR = YES;
				GCC_WARN_UNINITIALIZED_AUTOS = YES_AGGRESSIVE;
				GCC_WARN_UNUSED_FUNCTION = YES;
				GCC_WARN_UNUSED_VARIABLE = YES;
				IPHONEOS_DEPLOYMENT_TARGET = 16.4;
				MTL_ENABLE_DEBUG_INFO = INCLUDE_SOURCE;
				MTL_FAST_MATH = YES;
				ONLY_ACTIVE_ARCH = YES;
				SDKROOT = iphoneos;
				SWIFT_ACTIVE_COMPILATION_CONDITIONS = DEBUG;
				SWIFT_OPTIMIZATION_LEVEL = "-Onone";
				VERSIONING_SYSTEM = "apple-generic";
				VERSION_INFO_PREFIX = "";
			};
			name = Debug;
		};
		B163145C2A019B4F00F8D85C /* Release */ = {
			isa = XCBuildConfiguration;
			buildSettings = {
				ALWAYS_SEARCH_USER_PATHS = NO;
				CLANG_ANALYZER_NONNULL = YES;
				CLANG_ANALYZER_NUMBER_OBJECT_CONVERSION = YES_AGGRESSIVE;
				CLANG_CXX_LANGUAGE_STANDARD = "gnu++20";
				CLANG_ENABLE_MODULES = YES;
				CLANG_ENABLE_OBJC_ARC = YES;
				CLANG_ENABLE_OBJC_WEAK = YES;
				CLANG_WARN_BLOCK_CAPTURE_AUTORELEASING = YES;
				CLANG_WARN_BOOL_CONVERSION = YES;
				CLANG_WARN_COMMA = YES;
				CLANG_WARN_CONSTANT_CONVERSION = YES;
				CLANG_WARN_DEPRECATED_OBJC_IMPLEMENTATIONS = YES;
				CLANG_WARN_DIRECT_OBJC_ISA_USAGE = YES_ERROR;
				CLANG_WARN_DOCUMENTATION_COMMENTS = YES;
				CLANG_WARN_EMPTY_BODY = YES;
				CLANG_WARN_ENUM_CONVERSION = YES;
				CLANG_WARN_INFINITE_RECURSION = YES;
				CLANG_WARN_INT_CONVERSION = YES;
				CLANG_WARN_NON_LITERAL_NULL_CONVERSION = YES;
				CLANG_WARN_OBJC_IMPLICIT_RETAIN_SELF = YES;
				CLANG_WARN_OBJC_LITERAL_CONVERSION = YES;
				CLANG_WARN_OBJC_ROOT_CLASS = YES_ERROR;
				CLANG_WARN_QUOTED_INCLUDE_IN_FRAMEWORK_HEADER = YES;
				CLANG_WARN_RANGE_LOOP_ANALYSIS = YES;
				CLANG_WARN_STRICT_PROTOTYPES = YES;
				CLANG_WARN_SUSPICIOUS_MOVE = YES;
				CLANG_WARN_UNGUARDED_AVAILABILITY = YES_AGGRESSIVE;
				CLANG_WARN_UNREACHABLE_CODE = YES;
				CLANG_WARN__DUPLICATE_METHOD_MATCH = YES;
				COPY_PHASE_STRIP = NO;
				CURRENT_PROJECT_VERSION = 1;
				DEBUG_INFORMATION_FORMAT = "dwarf-with-dsym";
				ENABLE_NS_ASSERTIONS = NO;
				ENABLE_STRICT_OBJC_MSGSEND = YES;
				GCC_C_LANGUAGE_STANDARD = gnu11;
				GCC_NO_COMMON_BLOCKS = YES;
				GCC_WARN_64_TO_32_BIT_CONVERSION = YES;
				GCC_WARN_ABOUT_RETURN_TYPE = YES_ERROR;
				GCC_WARN_UNDECLARED_SELECTOR = YES;
				GCC_WARN_UNINITIALIZED_AUTOS = YES_AGGRESSIVE;
				GCC_WARN_UNUSED_FUNCTION = YES;
				GCC_WARN_UNUSED_VARIABLE = YES;
				IPHONEOS_DEPLOYMENT_TARGET = 16.4;
				MTL_ENABLE_DEBUG_INFO = NO;
				MTL_FAST_MATH = YES;
				SDKROOT = iphoneos;
				SWIFT_COMPILATION_MODE = wholemodule;
				SWIFT_OPTIMIZATION_LEVEL = "-O";
				VALIDATE_PRODUCT = YES;
				VERSIONING_SYSTEM = "apple-generic";
				VERSION_INFO_PREFIX = "";
			};
			name = Release;
		};
		B163145E2A019B4F00F8D85C /* Debug */ = {
			isa = XCBuildConfiguration;
			buildSettings = {
				CODE_SIGN_STYLE = Automatic;
				CURRENT_PROJECT_VERSION = 1;
				DEFINES_MODULE = YES;
				DEVELOPMENT_TEAM = 622WCMBDK6;
				DYLIB_COMPATIBILITY_VERSION = 1;
				DYLIB_CURRENT_VERSION = 1;
				DYLIB_INSTALL_NAME_BASE = "@rpath";
				ENABLE_MODULE_VERIFIER = YES;
				GENERATE_INFOPLIST_FILE = YES;
				INFOPLIST_KEY_NSHumanReadableCopyright = "";
				INSTALL_PATH = "$(LOCAL_LIBRARY_DIR)/Frameworks";
				LD_RUNPATH_SEARCH_PATHS = (
					"$(inherited)",
					"@executable_path/Frameworks",
					"@loader_path/Frameworks",
				);
				MARKETING_VERSION = 1.0;
				MODULE_VERIFIER_SUPPORTED_LANGUAGES = "objective-c objective-c++";
				MODULE_VERIFIER_SUPPORTED_LANGUAGE_STANDARDS = "gnu11 gnu++20";
				PRODUCT_BUNDLE_IDENTIFIER = beatriz.UI;
				PRODUCT_NAME = "$(TARGET_NAME:c99extidentifier)";
				SKIP_INSTALL = YES;
				SWIFT_EMIT_LOC_STRINGS = YES;
				SWIFT_VERSION = 5.0;
				TARGETED_DEVICE_FAMILY = "1,2";
			};
			name = Debug;
		};
		B163145F2A019B4F00F8D85C /* Release */ = {
			isa = XCBuildConfiguration;
			buildSettings = {
				CODE_SIGN_STYLE = Automatic;
				CURRENT_PROJECT_VERSION = 1;
				DEFINES_MODULE = YES;
				DEVELOPMENT_TEAM = 622WCMBDK6;
				DYLIB_COMPATIBILITY_VERSION = 1;
				DYLIB_CURRENT_VERSION = 1;
				DYLIB_INSTALL_NAME_BASE = "@rpath";
				ENABLE_MODULE_VERIFIER = YES;
				GENERATE_INFOPLIST_FILE = YES;
				INFOPLIST_KEY_NSHumanReadableCopyright = "";
				INSTALL_PATH = "$(LOCAL_LIBRARY_DIR)/Frameworks";
				LD_RUNPATH_SEARCH_PATHS = (
					"$(inherited)",
					"@executable_path/Frameworks",
					"@loader_path/Frameworks",
				);
				MARKETING_VERSION = 1.0;
				MODULE_VERIFIER_SUPPORTED_LANGUAGES = "objective-c objective-c++";
				MODULE_VERIFIER_SUPPORTED_LANGUAGE_STANDARDS = "gnu11 gnu++20";
				PRODUCT_BUNDLE_IDENTIFIER = beatriz.UI;
				PRODUCT_NAME = "$(TARGET_NAME:c99extidentifier)";
				SKIP_INSTALL = YES;
				SWIFT_EMIT_LOC_STRINGS = YES;
				SWIFT_VERSION = 5.0;
				TARGETED_DEVICE_FAMILY = "1,2";
			};
			name = Release;
		};
		B16314612A019B4F00F8D85C /* Debug */ = {
			isa = XCBuildConfiguration;
			buildSettings = {
				ALWAYS_EMBED_SWIFT_STANDARD_LIBRARIES = YES;
				CODE_SIGN_STYLE = Automatic;
				CURRENT_PROJECT_VERSION = 1;
				DEVELOPMENT_TEAM = 622WCMBDK6;
				GENERATE_INFOPLIST_FILE = YES;
				MARKETING_VERSION = 1.0;
				PRODUCT_BUNDLE_IDENTIFIER = beatriz.UITests;
				PRODUCT_NAME = "$(TARGET_NAME)";
				SWIFT_EMIT_LOC_STRINGS = NO;
				SWIFT_VERSION = 5.0;
				TARGETED_DEVICE_FAMILY = "1,2";
			};
			name = Debug;
		};
		B16314622A019B4F00F8D85C /* Release */ = {
			isa = XCBuildConfiguration;
			buildSettings = {
				ALWAYS_EMBED_SWIFT_STANDARD_LIBRARIES = YES;
				CODE_SIGN_STYLE = Automatic;
				CURRENT_PROJECT_VERSION = 1;
				DEVELOPMENT_TEAM = 622WCMBDK6;
				GENERATE_INFOPLIST_FILE = YES;
				MARKETING_VERSION = 1.0;
				PRODUCT_BUNDLE_IDENTIFIER = beatriz.UITests;
				PRODUCT_NAME = "$(TARGET_NAME)";
				SWIFT_EMIT_LOC_STRINGS = NO;
				SWIFT_VERSION = 5.0;
				TARGETED_DEVICE_FAMILY = "1,2";
			};
			name = Release;
		};
/* End XCBuildConfiguration section */

/* Begin XCConfigurationList section */
		B16314432A019B4F00F8D85C /* Build configuration list for PBXProject "UI" */ = {
			isa = XCConfigurationList;
			buildConfigurations = (
				B163145B2A019B4F00F8D85C /* Debug */,
				B163145C2A019B4F00F8D85C /* Release */,
			);
			defaultConfigurationIsVisible = 0;
			defaultConfigurationName = Release;
		};
		B163145D2A019B4F00F8D85C /* Build configuration list for PBXNativeTarget "UI" */ = {
			isa = XCConfigurationList;
			buildConfigurations = (
				B163145E2A019B4F00F8D85C /* Debug */,
				B163145F2A019B4F00F8D85C /* Release */,
			);
			defaultConfigurationIsVisible = 0;
			defaultConfigurationName = Release;
		};
		B16314602A019B4F00F8D85C /* Build configuration list for PBXNativeTarget "UITests" */ = {
			isa = XCConfigurationList;
			buildConfigurations = (
				B16314612A019B4F00F8D85C /* Debug */,
				B16314622A019B4F00F8D85C /* Release */,
			);
			defaultConfigurationIsVisible = 0;
			defaultConfigurationName = Release;
		};
/* End XCConfigurationList section */
	};
	rootObject = B16314402A019B4F00F8D85C /* Project object */;
}
